
Microsoft Visual Studio Solution File, Format Version 12.00
# Visual Studio Version 17
VisualStudioVersion = 17.11.35219.272
MinimumVisualStudioVersion = 10.0.40219.1
Project("{FAE04EC0-301F-11D3-BF4B-00C04F79EFBC}") = "ToDoApp", "ToDoApp\ToDoApp.csproj", "{71ECA143-17DC-48A1-A45E-A749B1BA1BB5}"
EndProject
Global
	GlobalSection(SolutionConfigurationPlatforms) = preSolution
		Debug|Any CPU = Debug|Any CPU
		Release|Any CPU = Release|Any CPU
	EndGlobalSection
	GlobalSection(ProjectConfigurationPlatforms) = postSolution
		{71ECA143-17DC-48A1-A45E-A749B1BA1BB5}.Debug|Any CPU.ActiveCfg = Debug|Any CPU
		{71ECA143-17DC-48A1-A45E-A749B1BA1BB5}.Debug|Any CPU.Build.0 = Debug|Any CPU
		{71ECA143-17DC-48A1-A45E-A749B1BA1BB5}.Release|Any CPU.ActiveCfg = Release|Any CPU
		{71ECA143-17DC-48A1-A45E-A749B1BA1BB5}.Release|Any CPU.Build.0 = Release|Any CPU
	EndGlobalSection
	GlobalSection(SolutionProperties) = preSolution
		HideSolutionNode = FALSE
	EndGlobalSection
	GlobalSection(ExtensibilityGlobals) = postSolution
		SolutionGuid = {C8AB59ED-50E4-446C-94B4-88AC969A017F}
	EndGlobalSection
EndGlobal
